// !$*UTF8*$!
{
	archiveVersion = 1;
	classes = {
	};
	objectVersion = 46;
	objects = {

/* Begin PBXBuildFile section */
		3DC4F4F61AB4F87F0007FA99 /* PlaySoundsViewController.swift in Sources */ = {isa = PBXBuildFile; fileRef = 3DC4F4F51AB4F87F0007FA99 /* PlaySoundsViewController.swift */; };
		3DC4F4F81AB4FE360007FA99 /* movie_quote.mp3 in Resources */ = {isa = PBXBuildFile; fileRef = 3DC4F4F71AB4FE360007FA99 /* movie_quote.mp3 */; };
		3DC4F4FA1AB5ADFE0007FA99 /* RecordedAudio.swift in Sources */ = {isa = PBXBuildFile; fileRef = 3DC4F4F91AB5ADFE0007FA99 /* RecordedAudio.swift */; };
		3DE6FD531AB128FD00416DC8 /* AppDelegate.swift in Sources */ = {isa = PBXBuildFile; fileRef = 3DE6FD521AB128FD00416DC8 /* AppDelegate.swift */; };
		3DE6FD551AB128FD00416DC8 /* RecordSoundsViewController.swift in Sources */ = {isa = PBXBuildFile; fileRef = 3DE6FD541AB128FD00416DC8 /* RecordSoundsViewController.swift */; };
		3DE6FD581AB128FD00416DC8 /* Main.storyboard in Resources */ = {isa = PBXBuildFile; fileRef = 3DE6FD561AB128FD00416DC8 /* Main.storyboard */; };
		3DE6FD5A1AB128FD00416DC8 /* Images.xcassets in Resources */ = {isa = PBXBuildFile; fileRef = 3DE6FD591AB128FD00416DC8 /* Images.xcassets */; };
		3DE6FD5D1AB128FD00416DC8 /* LaunchScreen.xib in Resources */ = {isa = PBXBuildFile; fileRef = 3DE6FD5B1AB128FD00416DC8 /* LaunchScreen.xib */; };
		3DE6FD691AB128FD00416DC8 /* Pitch_PerfectTests.swift in Sources */ = {isa = PBXBuildFile; fileRef = 3DE6FD681AB128FD00416DC8 /* Pitch_PerfectTests.swift */; };
/* End PBXBuildFile section */

/* Begin PBXContainerItemProxy section */
		3DE6FD631AB128FD00416DC8 /* PBXContainerItemProxy */ = {
			isa = PBXContainerItemProxy;
			containerPortal = 3DE6FD451AB128FD00416DC8 /* Project object */;
			proxyType = 1;
			remoteGlobalIDString = 3DE6FD4C1AB128FD00416DC8;
			remoteInfo = "Pitch Perfect";
		};
/* End PBXContainerItemProxy section */

/* Begin PBXFileReference section */
		3DC4F4F51AB4F87F0007FA99 /* PlaySoundsViewController.swift */ = {isa = PBXFileReference; fileEncoding = 4; lastKnownFileType = sourcecode.swift; path = PlaySoundsViewController.swift; sourceTree = "<group>"; };
		3DC4F4F71AB4FE360007FA99 /* movie_quote.mp3 */ = {isa = PBXFileReference; lastKnownFileType = audio.mp3; path = movie_quote.mp3; sourceTree = "<group>"; };
		3DC4F4F91AB5ADFE0007FA99 /* RecordedAudio.swift */ = {isa = PBXFileReference; fileEncoding = 4; lastKnownFileType = sourcecode.swift; path = RecordedAudio.swift; sourceTree = "<group>"; };
		3DE6FD4D1AB128FD00416DC8 /* Pitch Perfect.app */ = {isa = PBXFileReference; explicitFileType = wrapper.application; includeInIndex = 0; path = "Pitch Perfect.app"; sourceTree = BUILT_PRODUCTS_DIR; };
		3DE6FD511AB128FD00416DC8 /* Info.plist */ = {isa = PBXFileReference; lastKnownFileType = text.plist.xml; path = Info.plist; sourceTree = "<group>"; };
		3DE6FD521AB128FD00416DC8 /* AppDelegate.swift */ = {isa = PBXFileReference; lastKnownFileType = sourcecode.swift; path = AppDelegate.swift; sourceTree = "<group>"; };
		3DE6FD541AB128FD00416DC8 /* RecordSoundsViewController.swift */ = {isa = PBXFileReference; lastKnownFileType = sourcecode.swift; path = RecordSoundsViewController.swift; sourceTree = "<group>"; };
		3DE6FD571AB128FD00416DC8 /* Base */ = {isa = PBXFileReference; lastKnownFileType = file.storyboard; name = Base; path = Base.lproj/Main.storyboard; sourceTree = "<group>"; };
		3DE6FD591AB128FD00416DC8 /* Images.xcassets */ = {isa = PBXFileReference; lastKnownFileType = folder.assetcatalog; path = Images.xcassets; sourceTree = "<group>"; };
		3DE6FD5C1AB128FD00416DC8 /* Base */ = {isa = PBXFileReference; lastKnownFileType = file.xib; name = Base; path = Base.lproj/LaunchScreen.xib; sourceTree = "<group>"; };
		3DE6FD621AB128FD00416DC8 /* Pitch PerfectTests.xctest */ = {isa = PBXFileReference; explicitFileType = wrapper.cfbundle; includeInIndex = 0; path = "Pitch PerfectTests.xctest"; sourceTree = BUILT_PRODUCTS_DIR; };
		3DE6FD671AB128FD00416DC8 /* Info.plist */ = {isa = PBXFileReference; lastKnownFileType = text.plist.xml; path = Info.plist; sourceTree = "<group>"; };
		3DE6FD681AB128FD00416DC8 /* Pitch_PerfectTests.swift */ = {isa = PBXFileReference; lastKnownFileType = sourcecode.swift; path = Pitch_PerfectTests.swift; sourceTree = "<group>"; };
/* End PBXFileReference section */

/* Begin PBXFrameworksBuildPhase section */
		3DE6FD4A1AB128FD00416DC8 /* Frameworks */ = {
			isa = PBXFrameworksBuildPhase;
			buildActionMask = 2147483647;
			files = (
			);
			runOnlyForDeploymentPostprocessing = 0;
		};
		3DE6FD5F1AB128FD00416DC8 /* Frameworks */ = {
			isa = PBXFrameworksBuildPhase;
			buildActionMask = 2147483647;
			files = (
			);
			runOnlyForDeploymentPostprocessing = 0;
		};
/* End PBXFrameworksBuildPhase section */

/* Begin PBXGroup section */
		3DE6FD441AB128FD00416DC8 = {
			isa = PBXGroup;
			children = (
				3DE6FD4F1AB128FD00416DC8 /* Pitch Perfect */,
				3DE6FD651AB128FD00416DC8 /* Pitch PerfectTests */,
				3DE6FD4E1AB128FD00416DC8 /* Products */,
			);
			sourceTree = "<group>";
		};
		3DE6FD4E1AB128FD00416DC8 /* Products */ = {
			isa = PBXGroup;
			children = (
				3DE6FD4D1AB128FD00416DC8 /* Pitch Perfect.app */,
				3DE6FD621AB128FD00416DC8 /* Pitch PerfectTests.xctest */,
			);
			name = Products;
			sourceTree = "<group>";
		};
		3DE6FD4F1AB128FD00416DC8 /* Pitch Perfect */ = {
			isa = PBXGroup;
			children = (
				3DC4F4F51AB4F87F0007FA99 /* PlaySoundsViewController.swift */,
				3DE6FD521AB128FD00416DC8 /* AppDelegate.swift */,
				3DE6FD541AB128FD00416DC8 /* RecordSoundsViewController.swift */,
				3DC4F4F91AB5ADFE0007FA99 /* RecordedAudio.swift */,
				3DE6FD561AB128FD00416DC8 /* Main.storyboard */,
				3DE6FD591AB128FD00416DC8 /* Images.xcassets */,
				3DE6FD5B1AB128FD00416DC8 /* LaunchScreen.xib */,
				3DE6FD501AB128FD00416DC8 /* Supporting Files */,
			);
			path = "Pitch Perfect";
			sourceTree = "<group>";
		};
		3DE6FD501AB128FD00416DC8 /* Supporting Files */ = {
			isa = PBXGroup;
			children = (
				3DC4F4F71AB4FE360007FA99 /* movie_quote.mp3 */,
				3DE6FD511AB128FD00416DC8 /* Info.plist */,
			);
			name = "Supporting Files";
			sourceTree = "<group>";
		};
		3DE6FD651AB128FD00416DC8 /* Pitch PerfectTests */ = {
			isa = PBXGroup;
			children = (
				3DE6FD681AB128FD00416DC8 /* Pitch_PerfectTests.swift */,
				3DE6FD661AB128FD00416DC8 /* Supporting Files */,
			);
			path = "Pitch PerfectTests";
			sourceTree = "<group>";
		};
		3DE6FD661AB128FD00416DC8 /* Supporting Files */ = {
			isa = PBXGroup;
			children = (
				3DE6FD671AB128FD00416DC8 /* Info.plist */,
			);
			name = "Supporting Files";
			sourceTree = "<group>";
		};
/* End PBXGroup section */

/* Begin PBXNativeTarget section */
		3DE6FD4C1AB128FD00416DC8 /* Pitch Perfect */ = {
			isa = PBXNativeTarget;
			buildConfigurationList = 3DE6FD6C1AB128FD00416DC8 /* Build configuration list for PBXNativeTarget "Pitch Perfect" */;
			buildPhases = (
				3DE6FD491AB128FD00416DC8 /* Sources */,
				3DE6FD4A1AB128FD00416DC8 /* Frameworks */,
				3DE6FD4B1AB128FD00416DC8 /* Resources */,
			);
			buildRules = (
			);
			dependencies = (
			);
			name = "Pitch Perfect";
			productName = "Pitch Perfect";
			productReference = 3DE6FD4D1AB128FD00416DC8 /* Pitch Perfect.app */;
			productType = "com.apple.product-type.application";
		};
		3DE6FD611AB128FD00416DC8 /* Pitch PerfectTests */ = {
			isa = PBXNativeTarget;
			buildConfigurationList = 3DE6FD6F1AB128FD00416DC8 /* Build configuration list for PBXNativeTarget "Pitch PerfectTests" */;
			buildPhases = (
				3DE6FD5E1AB128FD00416DC8 /* Sources */,
				3DE6FD5F1AB128FD00416DC8 /* Frameworks */,
				3DE6FD601AB128FD00416DC8 /* Resources */,
			);
			buildRules = (
			);
			dependencies = (
				3DE6FD641AB128FD00416DC8 /* PBXTargetDependency */,
			);
			name = "Pitch PerfectTests";
			productName = "Pitch PerfectTests";
			productReference = 3DE6FD621AB128FD00416DC8 /* Pitch PerfectTests.xctest */;
			productType = "com.apple.product-type.bundle.unit-test";
		};
/* End PBXNativeTarget section */

/* Begin PBXProject section */
		3DE6FD451AB128FD00416DC8 /* Project object */ = {
			isa = PBXProject;
			attributes = {
				LastUpgradeCheck = 0620;
				ORGANIZATIONNAME = GE;
				TargetAttributes = {
					3DE6FD4C1AB128FD00416DC8 = {
						CreatedOnToolsVersion = 6.2;
						DevelopmentTeam = H62B4T98ND;
					};
					3DE6FD611AB128FD00416DC8 = {
						CreatedOnToolsVersion = 6.2;
						TestTargetID = 3DE6FD4C1AB128FD00416DC8;
					};
				};
			};
			buildConfigurationList = 3DE6FD481AB128FD00416DC8 /* Build configuration list for PBXProject "Pitch Perfect" */;
			compatibilityVersion = "Xcode 3.2";
			developmentRegion = English;
			hasScannedForEncodings = 0;
			knownRegions = (
				en,
				Base,
			);
			mainGroup = 3DE6FD441AB128FD00416DC8;
			productRefGroup = 3DE6FD4E1AB128FD00416DC8 /* Products */;
			projectDirPath = "";
			projectRoot = "";
			targets = (
				3DE6FD4C1AB128FD00416DC8 /* Pitch Perfect */,
				3DE6FD611AB128FD00416DC8 /* Pitch PerfectTests */,
			);
		};
/* End PBXProject section */

/* Begin PBXResourcesBuildPhase section */
		3DE6FD4B1AB128FD00416DC8 /* Resources */ = {
			isa = PBXResourcesBuildPhase;
			buildActionMask = 2147483647;
			files = (
				3DE6FD581AB128FD00416DC8 /* Main.storyboard in Resources */,
				3DE6FD5D1AB128FD00416DC8 /* LaunchScreen.xib in Resources */,
				3DC4F4F81AB4FE360007FA99 /* movie_quote.mp3 in Resources */,
				3DE6FD5A1AB128FD00416DC8 /* Images.xcassets in Resources */,
			);
			runOnlyForDeploymentPostprocessing = 0;
		};
		3DE6FD601AB128FD00416DC8 /* Resources */ = {
			isa = PBXResourcesBuildPhase;
			buildActionMask = 2147483647;
			files = (
			);
			runOnlyForDeploymentPostprocessing = 0;
		};
/* End PBXResourcesBuildPhase section */

/* Begin PBXSourcesBuildPhase section */
		3DE6FD491AB128FD00416DC8 /* Sources */ = {
			isa = PBXSourcesBuildPhase;
			buildActionMask = 2147483647;
			files = (
				3DC4F4FA1AB5ADFE0007FA99 /* RecordedAudio.swift in Sources */,
				3DE6FD551AB128FD00416DC8 /* RecordSoundsViewController.swift in Sources */,
				3DC4F4F61AB4F87F0007FA99 /* PlaySoundsViewController.swift in Sources */,
				3DE6FD531AB128FD00416DC8 /* AppDelegate.swift in Sources */,
			);
			runOnlyForDeploymentPostprocessing = 0;
		};
		3DE6FD5E1AB128FD00416DC8 /* Sources */ = {
			isa = PBXSourcesBuildPhase;
			buildActionMask = 2147483647;
			files = (
				3DE6FD691AB128FD00416DC8 /* Pitch_PerfectTests.swift in Sources */,
			);
			runOnlyForDeploymentPostprocessing = 0;
		};
/* End PBXSourcesBuildPhase section */

/* Begin PBXTargetDependency section */
		3DE6FD641AB128FD00416DC8 /* PBXTargetDependency */ = {
			isa = PBXTargetDependency;
			target = 3DE6FD4C1AB128FD00416DC8 /* Pitch Perfect */;
			targetProxy = 3DE6FD631AB128FD00416DC8 /* PBXContainerItemProxy */;
		};
/* End PBXTargetDependency section */

/* Begin PBXVariantGroup section */
		3DE6FD561AB128FD00416DC8 /* Main.storyboard */ = {
			isa = PBXVariantGroup;
			children = (
				3DE6FD571AB128FD00416DC8 /* Base */,
			);
			name = Main.storyboard;
			sourceTree = "<group>";
		};
		3DE6FD5B1AB128FD00416DC8 /* LaunchScreen.xib */ = {
			isa = PBXVariantGroup;
			children = (
				3DE6FD5C1AB128FD00416DC8 /* Base */,
			);
			name = LaunchScreen.xib;
			sourceTree = "<group>";
		};
/* End PBXVariantGroup section */

/* Begin XCBuildConfiguration section */
		3DE6FD6A1AB128FD00416DC8 /* Debug */ = {
			isa = XCBuildConfiguration;
			buildSettings = {
				ALWAYS_SEARCH_USER_PATHS = NO;
				CLANG_CXX_LANGUAGE_STANDARD = "gnu++0x";
				CLANG_CXX_LIBRARY = "libc++";
				CLANG_ENABLE_MODULES = YES;
				CLANG_ENABLE_OBJC_ARC = YES;
				CLANG_WARN_BOOL_CONVERSION = YES;
				CLANG_WARN_CONSTANT_CONVERSION = YES;
				CLANG_WARN_DIRECT_OBJC_ISA_USAGE = YES_ERROR;
				CLANG_WARN_EMPTY_BODY = YES;
				CLANG_WARN_ENUM_CONVERSION = YES;
				CLANG_WARN_INT_CONVERSION = YES;
				CLANG_WARN_OBJC_ROOT_CLASS = YES_ERROR;
				CLANG_WARN_UNREACHABLE_CODE = YES;
				CLANG_WARN__DUPLICATE_METHOD_MATCH = YES;
				"CODE_SIGN_IDENTITY[sdk=iphoneos*]" = "iPhone Developer";
				COPY_PHASE_STRIP = NO;
				ENABLE_STRICT_OBJC_MSGSEND = YES;
				GCC_C_LANGUAGE_STANDARD = gnu99;
				GCC_DYNAMIC_NO_PIC = NO;
				GCC_OPTIMIZATION_LEVEL = 0;
				GCC_PREPROCESSOR_DEFINITIONS = (
					"DEBUG=1",
					"$(inherited)",
				);
				GCC_SYMBOLS_PRIVATE_EXTERN = NO;
				GCC_WARN_64_TO_32_BIT_CONVERSION = YES;
				GCC_WARN_ABOUT_RETURN_TYPE = YES_ERROR;
				GCC_WARN_UNDECLARED_SELECTOR = YES;
				GCC_WARN_UNINITIALIZED_AUTOS = YES_AGGRESSIVE;
				GCC_WARN_UNUSED_FUNCTION = YES;
				GCC_WARN_UNUSED_VARIABLE = YES;
				IPHONEOS_DEPLOYMENT_TARGET = 8.2;
				MTL_ENABLE_DEBUG_INFO = YES;
				ONLY_ACTIVE_ARCH = YES;
				SDKROOT = iphoneos;
				SWIFT_OPTIMIZATION_LEVEL = "-Onone";
			};
			name = Debug;
		};
		3DE6FD6B1AB128FD00416DC8 /* Release */ = {
			isa = XCBuildConfiguration;
			buildSettings = {
				ALWAYS_SEARCH_USER_PATHS = NO;
				CLANG_CXX_LANGUAGE_STANDARD = "gnu++0x";
				CLANG_CXX_LIBRARY = "libc++";
				CLANG_ENABLE_MODULES = YES;
				CLANG_ENABLE_OBJC_ARC = YES;
				CLANG_WARN_BOOL_CONVERSION = YES;
				CLANG_WARN_CONSTANT_CONVERSION = YES;
				CLANG_WARN_DIRECT_OBJC_ISA_USAGE = YES_ERROR;
				CLANG_WARN_EMPTY_BODY = YES;
				CLANG_WARN_ENUM_CONVERSION = YES;
				CLANG_WARN_INT_CONVERSION = YES;
				CLANG_WARN_OBJC_ROOT_CLASS = YES_ERROR;
				CLANG_WARN_UNREACHABLE_CODE = YES;
				CLANG_WARN__DUPLICATE_METHOD_MATCH = YES;
				"CODE_SIGN_IDENTITY[sdk=iphoneos*]" = "iPhone Developer";
				COPY_PHASE_STRIP = NO;
				ENABLE_NS_ASSERTIONS = NO;
				ENABLE_STRICT_OBJC_MSGSEND = YES;
				GCC_C_LANGUAGE_STANDARD = gnu99;
				GCC_WARN_64_TO_32_BIT_CONVERSION = YES;
				GCC_WARN_ABOUT_RETURN_TYPE = YES_ERROR;
				GCC_WARN_UNDECLARED_SELECTOR = YES;
				GCC_WARN_UNINITIALIZED_AUTOS = YES_AGGRESSIVE;
				GCC_WARN_UNUSED_FUNCTION = YES;
				GCC_WARN_UNUSED_VARIABLE = YES;
				IPHONEOS_DEPLOYMENT_TARGET = 8.2;
				MTL_ENABLE_DEBUG_INFO = NO;
				SDKROOT = iphoneos;
				VALIDATE_PRODUCT = YES;
			};
			name = Release;
		};
		3DE6FD6D1AB128FD00416DC8 /* Debug */ = {
			isa = XCBuildConfiguration;
			buildSettings = {
				ASSETCATALOG_COMPILER_APPICON_NAME = AppIcon;
				CODE_SIGN_IDENTITY = "iPhone Developer";
				"CODE_SIGN_IDENTITY[sdk=iphoneos*]" = "iPhone Developer";
				INFOPLIST_FILE = "Pitch Perfect/Info.plist";
				LD_RUNPATH_SEARCH_PATHS = "$(inherited) @executable_path/Frameworks";
				PRODUCT_NAME = "$(TARGET_NAME)";
				PROVISIONING_PROFILE = "";
			};
			name = Debug;
		};
		3DE6FD6E1AB128FD00416DC8 /* Release */ = {
			isa = XCBuildConfiguration;
			buildSettings = {
				ASSETCATALOG_COMPILER_APPICON_NAME = AppIcon;
				CODE_SIGN_IDENTITY = "iPhone Developer";
				"CODE_SIGN_IDENTITY[sdk=iphoneos*]" = "iPhone Developer";
				INFOPLIST_FILE = "Pitch Perfect/Info.plist";
				LD_RUNPATH_SEARCH_PATHS = "$(inherited) @executable_path/Frameworks";
				PRODUCT_NAME = "$(TARGET_NAME)";
				PROVISIONING_PROFILE = "";
			};
			name = Release;
		};
		3DE6FD701AB128FD00416DC8 /* Debug */ = {
			isa = XCBuildConfiguration;
			buildSettings = {
				BUNDLE_LOADER = "$(TEST_HOST)";
				FRAMEWORK_SEARCH_PATHS = (
					"$(SDKROOT)/Developer/Library/Frameworks",
					"$(inherited)",
				);
				GCC_PREPROCESSOR_DEFINITIONS = (
					"DEBUG=1",
					"$(inherited)",
				);
				INFOPLIST_FILE = "Pitch PerfectTests/Info.plist";
				LD_RUNPATH_SEARCH_PATHS = "$(inherited) @executable_path/Frameworks @loader_path/Frameworks";
				PRODUCT_NAME = "$(TARGET_NAME)";
				TEST_HOST = "$(BUILT_PRODUCTS_DIR)/Pitch Perfect.app/Pitch Perfect";
			};
			name = Debug;
		};
		3DE6FD711AB128FD00416DC8 /* Release */ = {
			isa = XCBuildConfiguration;
			buildSettings = {
				BUNDLE_LOADER = "$(TEST_HOST)";
				FRAMEWORK_SEARCH_PATHS = (
					"$(SDKROOT)/Developer/Library/Frameworks",
					"$(inherited)",
				);
				INFOPLIST_FILE = "Pitch PerfectTests/Info.plist";
				LD_RUNPATH_SEARCH_PATHS = "$(inherited) @executable_path/Frameworks @loader_path/Frameworks";
				PRODUCT_NAME = "$(TARGET_NAME)";
				TEST_HOST = "$(BUILT_PRODUCTS_DIR)/Pitch Perfect.app/Pitch Perfect";
			};
			name = Release;
		};
/* End XCBuildConfiguration section */

/* Begin XCConfigurationList section */
		3DE6FD481AB128FD00416DC8 /* Build configuration list for PBXProject "Pitch Perfect" */ = {
			isa = XCConfigurationList;
			buildConfigurations = (
				3DE6FD6A1AB128FD00416DC8 /* Debug */,
				3DE6FD6B1AB128FD00416DC8 /* Release */,
			);
			defaultConfigurationIsVisible = 0;
			defaultConfigurationName = Release;
		};
		3DE6FD6C1AB128FD00416DC8 /* Build configuration list for PBXNativeTarget "Pitch Perfect" */ = {
			isa = XCConfigurationList;
			buildConfigurations = (
				3DE6FD6D1AB128FD00416DC8 /* Debug */,
				3DE6FD6E1AB128FD00416DC8 /* Release */,
			);
			defaultConfigurationIsVisible = 0;
			defaultConfigurationName = Release;
		};
		3DE6FD6F1AB128FD00416DC8 /* Build configuration list for PBXNativeTarget "Pitch PerfectTests" */ = {
			isa = XCConfigurationList;
			buildConfigurations = (
				3DE6FD701AB128FD00416DC8 /* Debug */,
				3DE6FD711AB128FD00416DC8 /* Release */,
			);
			defaultConfigurationIsVisible = 0;
			defaultConfigurationName = Release;
		};
/* End XCConfigurationList section */
	};
	rootObject = 3DE6FD451AB128FD00416DC8 /* Project object */;
}
